
Microsoft Visual Studio Solution File, Format Version 12.00
# Visual Studio Version 16
VisualStudioVersion = 16.0.33027.164
MinimumVisualStudioVersion = 10.0.40219.1
Project("{9A19103F-16F7-4668-BE54-9A1E7A4F7556}") = "CodeGenerator", "CodeGenerator\CodeGenerator.csproj", "{4D4989ED-A756-44CC-B5C4-693582331255}"
EndProject
Project("{FAE04EC0-301F-11D3-BF4B-00C04F79EFBC}") = "CodeGeneratorTest", "CodeGeneratorTest\CodeGeneratorTest.csproj", "{1FC1CD26-DF38-45D4-9C52-E86E5DB40D10}"
EndProject
Global
	GlobalSection(SolutionConfigurationPlatforms) = preSolution
		Debug|Any CPU = Debug|Any CPU
		Release|Any CPU = Release|Any CPU
	EndGlobalSection
	GlobalSection(ProjectConfigurationPlatforms) = postSolution
		{4D4989ED-A756-44CC-B5C4-693582331255}.Debug|Any CPU.ActiveCfg = Debug|Any CPU
		{4D4989ED-A756-44CC-B5C4-693582331255}.Debug|Any CPU.Build.0 = Debug|Any CPU
		{4D4989ED-A756-44CC-B5C4-693582331255}.Release|Any CPU.ActiveCfg = Release|Any CPU
		{4D4989ED-A756-44CC-B5C4-693582331255}.Release|Any CPU.Build.0 = Release|Any CPU
		{1FC1CD26-DF38-45D4-9C52-E86E5DB40D10}.Debug|Any CPU.ActiveCfg = Debug|Any CPU
		{1FC1CD26-DF38-45D4-9C52-E86E5DB40D10}.Debug|Any CPU.Build.0 = Debug|Any CPU
		{1FC1CD26-DF38-45D4-9C52-E86E5DB40D10}.Release|Any CPU.ActiveCfg = Release|Any CPU
		{1FC1CD26-DF38-45D4-9C52-E86E5DB40D10}.Release|Any CPU.Build.0 = Release|Any CPU
	EndGlobalSection
	GlobalSection(SolutionProperties) = preSolution
		HideSolutionNode = FALSE
	EndGlobalSection
	GlobalSection(ExtensibilityGlobals) = postSolution
		SolutionGuid = {8D1DB214-A042-4F3D-A895-6C4E39E9D5D0}
	EndGlobalSection
EndGlobal
